
Microsoft Visual Studio Solution File, Format Version 12.00
# Visual Studio 2013
VisualStudioVersion = 12.0.31101.0
MinimumVisualStudioVersion = 10.0.40219.1
Project("{FAE04EC0-301F-11D3-BF4B-00C04F79EFBC}") = "FelLazeez", "FelLazeez\FelLazeez.csproj", "{69C5ECC8-EC89-46D6-B95A-C2A86918C207}"
EndProject
Project("{FAE04EC0-301F-11D3-BF4B-00C04F79EFBC}") = "FelLazeez.Tests", "FelLazeez.Tests\FelLazeez.Tests.csproj", "{EE7CA54F-42C8-4F15-BB87-853FC7FBD78D}"
EndProject
Global
	GlobalSection(SolutionConfigurationPlatforms) = preSolution
		Debug|Any CPU = Debug|Any CPU
		Release|Any CPU = Release|Any CPU
	EndGlobalSection
	GlobalSection(ProjectConfigurationPlatforms) = postSolution
		{69C5ECC8-EC89-46D6-B95A-C2A86918C207}.Debug|Any CPU.ActiveCfg = Debug|Any CPU
		{69C5ECC8-EC89-46D6-B95A-C2A86918C207}.Debug|Any CPU.Build.0 = Debug|Any CPU
		{69C5ECC8-EC89-46D6-B95A-C2A86918C207}.Release|Any CPU.ActiveCfg = Release|Any CPU
		{69C5ECC8-EC89-46D6-B95A-C2A86918C207}.Release|Any CPU.Build.0 = Release|Any CPU
		{EE7CA54F-42C8-4F15-BB87-853FC7FBD78D}.Debug|Any CPU.ActiveCfg = Debug|Any CPU
		{EE7CA54F-42C8-4F15-BB87-853FC7FBD78D}.Debug|Any CPU.Build.0 = Debug|Any CPU
		{EE7CA54F-42C8-4F15-BB87-853FC7FBD78D}.Release|Any CPU.ActiveCfg = Release|Any CPU
		{EE7CA54F-42C8-4F15-BB87-853FC7FBD78D}.Release|Any CPU.Build.0 = Release|Any CPU
	EndGlobalSection
	GlobalSection(SolutionProperties) = preSolution
		HideSolutionNode = FALSE
	EndGlobalSection
EndGlobal
